github.com/esilva-everbridge/dig v0.0.0-20191002174514-59878acc76df h1:TmdZnI/e2Z2slTr5qm8dgLcxlvPBECO/BDc5jYhnD88=
github.com/esilva-everbridge/dig v0.0.0-20191002174514-59878acc76df/go.mod h1:OMXU/rXLXSECs3W8tRBOqqNtOTqsb2nl0/a4422svMU=
github.com/esilva-everbridge/to v0.0.0-20141221203644-c20e083e3123/go.mod h1:P9AQHIs4EM0j8ei5+S0IqjnFcEueux2OM7VTN2BDu3A=
github.com/esilva-everbridge/to v0.0.0-20191018182308-7b43ee97845e h1:1UUnD+0Ujd0PI1Q8ezps1T6fUrAzfgjzruHkuMERDNQ=
github.com/esilva-everbridge/to v0.0.0-20191018182308-7b43ee97845e/go.mod h1:Y5/mEKG4GorGCkG0FP75DFJ+aAr1nar5nk7mCljowtw=
github.com/mozilla-services/yaml v0.0.0-20191106225358-5c216288813c h1:yE1NxRAZA3wF0laDWECtOe2J0tFjSHUI6MXXbMif+QY=
github.com/mozilla-services/yaml v0.0.0-20191106225358-5c216288813c/go.mod h1:Is/Ucts/yU/mWyGR8yELRoO46mejouKsJfQLAIfTR18=
gopkg.in/check.v1 v0.0.0-20161208181325-20d25e280405 h1:yhCVgyC4o1eVCa2tZl7eS0r+SDo693bJlVdllGtEeKM=
gopkg.in/check.v1 v0.0.0-20161208181325-20d25e280405/go.mod h1:Co6ibVJAznAaIkqp8huTwlJQCZ016jof/cbN4VW5Yz0=
